
Microsoft Visual Studio Solution File, Format Version 12.00
# Visual Studio Version 17
VisualStudioVersion = 17.3.32929.385
MinimumVisualStudioVersion = 10.0.40219.1
Project("{9A19103F-16F7-4668-BE54-9A1E7A4F7556}") = "FCA Algorithms", "FCA Algorithms\FCA Algorithms.csproj", "{CA40D42F-FDD5-4B18-B906-D062576ACC87}"
EndProject
Project("{FAE04EC0-301F-11D3-BF4B-00C04F79EFBC}") = "FCA Algorithms.Tests", "FCA Algorithms.Tests\FCA Algorithms.Tests.csproj", "{F8A13EC3-6637-4A86-BA37-E843476D20A0}"
EndProject
Global
	GlobalSection(SolutionConfigurationPlatforms) = preSolution
		Debug|Any CPU = Debug|Any CPU
		Release|Any CPU = Release|Any CPU
	EndGlobalSection
	GlobalSection(ProjectConfigurationPlatforms) = postSolution
		{CA40D42F-FDD5-4B18-B906-D062576ACC87}.Debug|Any CPU.ActiveCfg = Debug|Any CPU
		{CA40D42F-FDD5-4B18-B906-D062576ACC87}.Debug|Any CPU.Build.0 = Debug|Any CPU
		{CA40D42F-FDD5-4B18-B906-D062576ACC87}.Release|Any CPU.ActiveCfg = Release|Any CPU
		{CA40D42F-FDD5-4B18-B906-D062576ACC87}.Release|Any CPU.Build.0 = Release|Any CPU
		{F8A13EC3-6637-4A86-BA37-E843476D20A0}.Debug|Any CPU.ActiveCfg = Debug|Any CPU
		{F8A13EC3-6637-4A86-BA37-E843476D20A0}.Debug|Any CPU.Build.0 = Debug|Any CPU
		{F8A13EC3-6637-4A86-BA37-E843476D20A0}.Release|Any CPU.ActiveCfg = Release|Any CPU
		{F8A13EC3-6637-4A86-BA37-E843476D20A0}.Release|Any CPU.Build.0 = Release|Any CPU
	EndGlobalSection
	GlobalSection(SolutionProperties) = preSolution
		HideSolutionNode = FALSE
	EndGlobalSection
	GlobalSection(ExtensibilityGlobals) = postSolution
		SolutionGuid = {4245613D-23D2-44B2-8276-32B632D787E0}
	EndGlobalSection
EndGlobal
